
Microsoft Visual Studio Solution File, Format Version 12.00
# Visual Studio Version 17
VisualStudioVersion = 17.3.32929.385
MinimumVisualStudioVersion = 10.0.40219.1
Project("{9A19103F-16F7-4668-BE54-9A1E7A4F7556}") = "IssueTracker-CoreServices", "IssueTracker-CoreServices\IssueTracker-CoreServices.csproj", "{555E1C5B-698F-4BE3-849B-0570997699B7}"
EndProject
Project("{FAE04EC0-301F-11D3-BF4B-00C04F79EFBC}") = "IssueTracker-Testing", "IssueTracker-Testing\IssueTracker-Testing.csproj", "{22355196-303F-4B06-BF1A-5635E0074F8B}"
EndProject
Project("{FAE04EC0-301F-11D3-BF4B-00C04F79EFBC}") = "IssueTracker-WebApp", "IssueTracker-WebApp\IssueTracker-WebApp.csproj", "{28E7BA14-ECE9-4DF2-BF55-412A9C02275C}"
EndProject
Global
	GlobalSection(SolutionConfigurationPlatforms) = preSolution
		Debug|Any CPU = Debug|Any CPU
		Release|Any CPU = Release|Any CPU
	EndGlobalSection
	GlobalSection(ProjectConfigurationPlatforms) = postSolution
		{555E1C5B-698F-4BE3-849B-0570997699B7}.Debug|Any CPU.ActiveCfg = Debug|Any CPU
		{555E1C5B-698F-4BE3-849B-0570997699B7}.Debug|Any CPU.Build.0 = Debug|Any CPU
		{555E1C5B-698F-4BE3-849B-0570997699B7}.Release|Any CPU.ActiveCfg = Release|Any CPU
		{555E1C5B-698F-4BE3-849B-0570997699B7}.Release|Any CPU.Build.0 = Release|Any CPU
		{22355196-303F-4B06-BF1A-5635E0074F8B}.Debug|Any CPU.ActiveCfg = Debug|Any CPU
		{22355196-303F-4B06-BF1A-5635E0074F8B}.Debug|Any CPU.Build.0 = Debug|Any CPU
		{22355196-303F-4B06-BF1A-5635E0074F8B}.Release|Any CPU.ActiveCfg = Release|Any CPU
		{22355196-303F-4B06-BF1A-5635E0074F8B}.Release|Any CPU.Build.0 = Release|Any CPU
		{28E7BA14-ECE9-4DF2-BF55-412A9C02275C}.Debug|Any CPU.ActiveCfg = Debug|Any CPU
		{28E7BA14-ECE9-4DF2-BF55-412A9C02275C}.Debug|Any CPU.Build.0 = Debug|Any CPU
		{28E7BA14-ECE9-4DF2-BF55-412A9C02275C}.Release|Any CPU.ActiveCfg = Release|Any CPU
		{28E7BA14-ECE9-4DF2-BF55-412A9C02275C}.Release|Any CPU.Build.0 = Release|Any CPU
	EndGlobalSection
	GlobalSection(SolutionProperties) = preSolution
		HideSolutionNode = FALSE
	EndGlobalSection
	GlobalSection(ExtensibilityGlobals) = postSolution
		SolutionGuid = {549D622F-A043-40B9-A53E-2BE8A8DAEAF1}
	EndGlobalSection
EndGlobal
